
Microsoft Visual Studio Solution File, Format Version 12.00
# Visual Studio Version 17
VisualStudioVersion = 17.12.35707.178
MinimumVisualStudioVersion = 10.0.40219.1
Project("{FAE04EC0-301F-11D3-BF4B-00C04F79EFBC}") = "MauiApp3", "MauiApp3\MauiApp3.csproj", "{B77D4A10-3032-486B-9A24-6CEC1E10EE19}"
	ProjectSection(ProjectDependencies) = postProject
		{0C71E757-8C19-4B24-9BFB-87F2AFBE1E07} = {0C71E757-8C19-4B24-9BFB-87F2AFBE1E07}
	EndProjectSection
EndProject
Project("{FAE04EC0-301F-11D3-BF4B-00C04F79EFBC}") = "RootedBack", "RootedBack\RootedBack.csproj", "{0C71E757-8C19-4B24-9BFB-87F2AFBE1E07}"
EndProject
Project("{FAE04EC0-301F-11D3-BF4B-00C04F79EFBC}") = "SharedLibraryy", "SharedLibraryy\SharedLibraryy.csproj", "{8A4614CD-DBAE-42EE-8A5E-F6FAD89E7A80}"
EndProject
Global
	GlobalSection(SolutionConfigurationPlatforms) = preSolution
		Debug|Any CPU = Debug|Any CPU
		Release|Any CPU = Release|Any CPU
	EndGlobalSection
	GlobalSection(ProjectConfigurationPlatforms) = postSolution
		{B77D4A10-3032-486B-9A24-6CEC1E10EE19}.Debug|Any CPU.ActiveCfg = Debug|Any CPU
		{B77D4A10-3032-486B-9A24-6CEC1E10EE19}.Debug|Any CPU.Build.0 = Debug|Any CPU
		{B77D4A10-3032-486B-9A24-6CEC1E10EE19}.Debug|Any CPU.Deploy.0 = Debug|Any CPU
		{B77D4A10-3032-486B-9A24-6CEC1E10EE19}.Release|Any CPU.ActiveCfg = Release|Any CPU
		{B77D4A10-3032-486B-9A24-6CEC1E10EE19}.Release|Any CPU.Build.0 = Release|Any CPU
		{B77D4A10-3032-486B-9A24-6CEC1E10EE19}.Release|Any CPU.Deploy.0 = Release|Any CPU
		{0C71E757-8C19-4B24-9BFB-87F2AFBE1E07}.Debug|Any CPU.ActiveCfg = Debug|Any CPU
		{0C71E757-8C19-4B24-9BFB-87F2AFBE1E07}.Debug|Any CPU.Build.0 = Debug|Any CPU
		{0C71E757-8C19-4B24-9BFB-87F2AFBE1E07}.Release|Any CPU.ActiveCfg = Release|Any CPU
		{0C71E757-8C19-4B24-9BFB-87F2AFBE1E07}.Release|Any CPU.Build.0 = Release|Any CPU
		{8A4614CD-DBAE-42EE-8A5E-F6FAD89E7A80}.Debug|Any CPU.ActiveCfg = Debug|Any CPU
		{8A4614CD-DBAE-42EE-8A5E-F6FAD89E7A80}.Debug|Any CPU.Build.0 = Debug|Any CPU
		{8A4614CD-DBAE-42EE-8A5E-F6FAD89E7A80}.Release|Any CPU.ActiveCfg = Release|Any CPU
		{8A4614CD-DBAE-42EE-8A5E-F6FAD89E7A80}.Release|Any CPU.Build.0 = Release|Any CPU
	EndGlobalSection
	GlobalSection(SolutionProperties) = preSolution
		HideSolutionNode = FALSE
	EndGlobalSection
EndGlobal
